// !$*UTF8*$!
{
	archiveVersion = 1;
	classes = {
	};
	objectVersion = 46;
	objects = {

/* Begin PBXBuildFile section */
		6FF19D142447B246FFC61A5C /* Pods_TSBB_app_2.framework in Frameworks */ = {isa = PBXBuildFile; fileRef = 50988F89D79DEA2A3658198D /* Pods_TSBB_app_2.framework */; };
		D85581F71D6541A600DCA4B6 /* AppDelegate.swift in Sources */ = {isa = PBXBuildFile; fileRef = D85581F61D6541A600DCA4B6 /* AppDelegate.swift */; };
		D85581F91D6541A600DCA4B6 /* ViewController.swift in Sources */ = {isa = PBXBuildFile; fileRef = D85581F81D6541A600DCA4B6 /* ViewController.swift */; };
		D85581FC1D6541A600DCA4B6 /* Main.storyboard in Resources */ = {isa = PBXBuildFile; fileRef = D85581FA1D6541A600DCA4B6 /* Main.storyboard */; };
		D85581FE1D6541A600DCA4B6 /* Assets.xcassets in Resources */ = {isa = PBXBuildFile; fileRef = D85581FD1D6541A600DCA4B6 /* Assets.xcassets */; };
		D85582011D6541A600DCA4B6 /* LaunchScreen.storyboard in Resources */ = {isa = PBXBuildFile; fileRef = D85581FF1D6541A600DCA4B6 /* LaunchScreen.storyboard */; };
		D855820C1D6541A600DCA4B6 /* TSBB_app_2Tests.swift in Sources */ = {isa = PBXBuildFile; fileRef = D855820B1D6541A600DCA4B6 /* TSBB_app_2Tests.swift */; };
		D85582171D6541A600DCA4B6 /* TSBB_app_2UITests.swift in Sources */ = {isa = PBXBuildFile; fileRef = D85582161D6541A600DCA4B6 /* TSBB_app_2UITests.swift */; };
		D855825F1D66966F00DCA4B6 /* GoogleService-Info.plist in Resources */ = {isa = PBXBuildFile; fileRef = D855825E1D66966F00DCA4B6 /* GoogleService-Info.plist */; };
		D8ABA62C1D7100F1004184FE /* summary.swift in Sources */ = {isa = PBXBuildFile; fileRef = D8ABA62B1D7100F0004184FE /* summary.swift */; };
		D8D873AA1D691FBE00CF20B2 /* secondpage.swift in Sources */ = {isa = PBXBuildFile; fileRef = D8D873A91D691FBE00CF20B2 /* secondpage.swift */; };
		D8D873AC1D693F8000CF20B2 /* page2Cell.swift in Sources */ = {isa = PBXBuildFile; fileRef = D8D873AB1D693F8000CF20B2 /* page2Cell.swift */; };
		D8D873B01D6A638C00CF20B2 /* thirdpage.swift in Sources */ = {isa = PBXBuildFile; fileRef = D8D873AF1D6A638C00CF20B2 /* thirdpage.swift */; };
		D8D873B21D6A741200CF20B2 /* fourthpage.swift in Sources */ = {isa = PBXBuildFile; fileRef = D8D873B11D6A741200CF20B2 /* fourthpage.swift */; };
		D8D873B41D6A742000CF20B2 /* fifthpage.swift in Sources */ = {isa = PBXBuildFile; fileRef = D8D873B31D6A742000CF20B2 /* fifthpage.swift */; };
		D8D873B61D6BABEB00CF20B2 /* sixthpage.swift in Sources */ = {isa = PBXBuildFile; fileRef = D8D873B51D6BABEA00CF20B2 /* sixthpage.swift */; };
		D8D873B81D6BAC0C00CF20B2 /* seventhpage.swift in Sources */ = {isa = PBXBuildFile; fileRef = D8D873B71D6BAC0C00CF20B2 /* seventhpage.swift */; };
/* End PBXBuildFile section */

/* Begin PBXContainerItemProxy section */
		D85582081D6541A600DCA4B6 /* PBXContainerItemProxy */ = {
			isa = PBXContainerItemProxy;
			containerPortal = D85581EB1D6541A600DCA4B6 /* Project object */;
			proxyType = 1;
			remoteGlobalIDString = D85581F21D6541A600DCA4B6;
			remoteInfo = "TSBB app 2";
		};
		D85582131D6541A600DCA4B6 /* PBXContainerItemProxy */ = {
			isa = PBXContainerItemProxy;
			containerPortal = D85581EB1D6541A600DCA4B6 /* Project object */;
			proxyType = 1;
			remoteGlobalIDString = D85581F21D6541A600DCA4B6;
			remoteInfo = "TSBB app 2";
		};
/* End PBXContainerItemProxy section */

/* Begin PBXFileReference section */
		50988F89D79DEA2A3658198D /* Pods_TSBB_app_2.framework */ = {isa = PBXFileReference; explicitFileType = wrapper.framework; includeInIndex = 0; path = Pods_TSBB_app_2.framework; sourceTree = BUILT_PRODUCTS_DIR; };
		C8B587A032552C6CDE35891D /* Pods-TSBB app 2.debug.xcconfig */ = {isa = PBXFileReference; includeInIndex = 1; lastKnownFileType = text.xcconfig; name = "Pods-TSBB app 2.debug.xcconfig"; path = "Pods/Target Support Files/Pods-TSBB app 2/Pods-TSBB app 2.debug.xcconfig"; sourceTree = "<group>"; };
		D120439484E3B63F42481530 /* Pods-TSBB app 2.release.xcconfig */ = {isa = PBXFileReference; includeInIndex = 1; lastKnownFileType = text.xcconfig; name = "Pods-TSBB app 2.release.xcconfig"; path = "Pods/Target Support Files/Pods-TSBB app 2/Pods-TSBB app 2.release.xcconfig"; sourceTree = "<group>"; };
		D85581F31D6541A600DCA4B6 /* TSBB app 2.app */ = {isa = PBXFileReference; explicitFileType = wrapper.application; includeInIndex = 0; path = "TSBB app 2.app"; sourceTree = BUILT_PRODUCTS_DIR; };
		D85581F61D6541A600DCA4B6 /* AppDelegate.swift */ = {isa = PBXFileReference; lastKnownFileType = sourcecode.swift; path = AppDelegate.swift; sourceTree = "<group>"; };
		D85581F81D6541A600DCA4B6 /* ViewController.swift */ = {isa = PBXFileReference; lastKnownFileType = sourcecode.swift; path = ViewController.swift; sourceTree = "<group>"; };
		D85581FB1D6541A600DCA4B6 /* Base */ = {isa = PBXFileReference; lastKnownFileType = file.storyboard; name = Base; path = Base.lproj/Main.storyboard; sourceTree = "<group>"; };
		D85581FD1D6541A600DCA4B6 /* Assets.xcassets */ = {isa = PBXFileReference; lastKnownFileType = folder.assetcatalog; path = Assets.xcassets; sourceTree = "<group>"; };
		D85582001D6541A600DCA4B6 /* Base */ = {isa = PBXFileReference; lastKnownFileType = file.storyboard; name = Base; path = Base.lproj/LaunchScreen.storyboard; sourceTree = "<group>"; };
		D85582021D6541A600DCA4B6 /* Info.plist */ = {isa = PBXFileReference; lastKnownFileType = text.plist.xml; path = Info.plist; sourceTree = "<group>"; };
		D85582071D6541A600DCA4B6 /* TSBB app 2Tests.xctest */ = {isa = PBXFileReference; explicitFileType = wrapper.cfbundle; includeInIndex = 0; path = "TSBB app 2Tests.xctest"; sourceTree = BUILT_PRODUCTS_DIR; };
		D855820B1D6541A600DCA4B6 /* TSBB_app_2Tests.swift */ = {isa = PBXFileReference; lastKnownFileType = sourcecode.swift; path = TSBB_app_2Tests.swift; sourceTree = "<group>"; };
		D855820D1D6541A600DCA4B6 /* Info.plist */ = {isa = PBXFileReference; lastKnownFileType = text.plist.xml; path = Info.plist; sourceTree = "<group>"; };
		D85582121D6541A600DCA4B6 /* TSBB app 2UITests.xctest */ = {isa = PBXFileReference; explicitFileType = wrapper.cfbundle; includeInIndex = 0; path = "TSBB app 2UITests.xctest"; sourceTree = BUILT_PRODUCTS_DIR; };
		D85582161D6541A600DCA4B6 /* TSBB_app_2UITests.swift */ = {isa = PBXFileReference; lastKnownFileType = sourcecode.swift; path = TSBB_app_2UITests.swift; sourceTree = "<group>"; };
		D85582181D6541A600DCA4B6 /* Info.plist */ = {isa = PBXFileReference; lastKnownFileType = text.plist.xml; path = Info.plist; sourceTree = "<group>"; };
		D855825E1D66966F00DCA4B6 /* GoogleService-Info.plist */ = {isa = PBXFileReference; fileEncoding = 4; lastKnownFileType = text.plist.xml; path = "GoogleService-Info.plist"; sourceTree = "<group>"; };
		D8ABA62B1D7100F0004184FE /* summary.swift */ = {isa = PBXFileReference; fileEncoding = 4; lastKnownFileType = sourcecode.swift; path = summary.swift; sourceTree = "<group>"; };
		D8D873A91D691FBE00CF20B2 /* secondpage.swift */ = {isa = PBXFileReference; fileEncoding = 4; lastKnownFileType = sourcecode.swift; path = secondpage.swift; sourceTree = "<group>"; };
		D8D873AB1D693F8000CF20B2 /* page2Cell.swift */ = {isa = PBXFileReference; fileEncoding = 4; lastKnownFileType = sourcecode.swift; path = page2Cell.swift; sourceTree = "<group>"; };
		D8D873AF1D6A638C00CF20B2 /* thirdpage.swift */ = {isa = PBXFileReference; fileEncoding = 4; lastKnownFileType = sourcecode.swift; path = thirdpage.swift; sourceTree = "<group>"; };
		D8D873B11D6A741200CF20B2 /* fourthpage.swift */ = {isa = PBXFileReference; fileEncoding = 4; lastKnownFileType = sourcecode.swift; path = fourthpage.swift; sourceTree = "<group>"; };
		D8D873B31D6A742000CF20B2 /* fifthpage.swift */ = {isa = PBXFileReference; fileEncoding = 4; lastKnownFileType = sourcecode.swift; path = fifthpage.swift; sourceTree = "<group>"; };
		D8D873B51D6BABEA00CF20B2 /* sixthpage.swift */ = {isa = PBXFileReference; fileEncoding = 4; lastKnownFileType = sourcecode.swift; path = sixthpage.swift; sourceTree = "<group>"; };
		D8D873B71D6BAC0C00CF20B2 /* seventhpage.swift */ = {isa = PBXFileReference; fileEncoding = 4; lastKnownFileType = sourcecode.swift; path = seventhpage.swift; sourceTree = "<group>"; };
/* End PBXFileReference section */

/* Begin PBXFrameworksBuildPhase section */
		D85581F01D6541A600DCA4B6 /* Frameworks */ = {
			isa = PBXFrameworksBuildPhase;
			buildActionMask = 2147483647;
			files = (
				6FF19D142447B246FFC61A5C /* Pods_TSBB_app_2.framework in Frameworks */,
			);
			runOnlyForDeploymentPostprocessing = 0;
		};
		D85582041D6541A600DCA4B6 /* Frameworks */ = {
			isa = PBXFrameworksBuildPhase;
			buildActionMask = 2147483647;
			files = (
			);
			runOnlyForDeploymentPostprocessing = 0;
		};
		D855820F1D6541A600DCA4B6 /* Frameworks */ = {
			isa = PBXFrameworksBuildPhase;
			buildActionMask = 2147483647;
			files = (
			);
			runOnlyForDeploymentPostprocessing = 0;
		};
/* End PBXFrameworksBuildPhase section */

/* Begin PBXGroup section */
		6CD3F8C597BA55ADE21A5FE9 /* Pods */ = {
			isa = PBXGroup;
			children = (
				C8B587A032552C6CDE35891D /* Pods-TSBB app 2.debug.xcconfig */,
				D120439484E3B63F42481530 /* Pods-TSBB app 2.release.xcconfig */,
			);
			name = Pods;
			sourceTree = "<group>";
		};
		AAB16DDDD28518DB44DC32F7 /* Frameworks */ = {
			isa = PBXGroup;
			children = (
				50988F89D79DEA2A3658198D /* Pods_TSBB_app_2.framework */,
			);
			name = Frameworks;
			sourceTree = "<group>";
		};
		D85581EA1D6541A600DCA4B6 = {
			isa = PBXGroup;
			children = (
				D85581F51D6541A600DCA4B6 /* TSBB app 2 */,
				D855820A1D6541A600DCA4B6 /* TSBB app 2Tests */,
				D85582151D6541A600DCA4B6 /* TSBB app 2UITests */,
				D85581F41D6541A600DCA4B6 /* Products */,
				6CD3F8C597BA55ADE21A5FE9 /* Pods */,
				AAB16DDDD28518DB44DC32F7 /* Frameworks */,
			);
			sourceTree = "<group>";
		};
		D85581F41D6541A600DCA4B6 /* Products */ = {
			isa = PBXGroup;
			children = (
				D85581F31D6541A600DCA4B6 /* TSBB app 2.app */,
				D85582071D6541A600DCA4B6 /* TSBB app 2Tests.xctest */,
				D85582121D6541A600DCA4B6 /* TSBB app 2UITests.xctest */,
			);
			name = Products;
			sourceTree = "<group>";
		};
		D85581F51D6541A600DCA4B6 /* TSBB app 2 */ = {
			isa = PBXGroup;
			children = (
				D855825E1D66966F00DCA4B6 /* GoogleService-Info.plist */,
				D85581F61D6541A600DCA4B6 /* AppDelegate.swift */,
				D85581F81D6541A600DCA4B6 /* ViewController.swift */,
				D85581FA1D6541A600DCA4B6 /* Main.storyboard */,
				D85581FD1D6541A600DCA4B6 /* Assets.xcassets */,
				D85581FF1D6541A600DCA4B6 /* LaunchScreen.storyboard */,
				D85582021D6541A600DCA4B6 /* Info.plist */,
				D8D873A91D691FBE00CF20B2 /* secondpage.swift */,
				D8D873AF1D6A638C00CF20B2 /* thirdpage.swift */,
				D8D873B11D6A741200CF20B2 /* fourthpage.swift */,
				D8D873B31D6A742000CF20B2 /* fifthpage.swift */,
				D8D873AB1D693F8000CF20B2 /* page2Cell.swift */,
				D8D873B51D6BABEA00CF20B2 /* sixthpage.swift */,
				D8D873B71D6BAC0C00CF20B2 /* seventhpage.swift */,
				D8ABA62B1D7100F0004184FE /* summary.swift */,
			);
			path = "TSBB app 2";
			sourceTree = "<group>";
		};
		D855820A1D6541A600DCA4B6 /* TSBB app 2Tests */ = {
			isa = PBXGroup;
			children = (
				D855820B1D6541A600DCA4B6 /* TSBB_app_2Tests.swift */,
				D855820D1D6541A600DCA4B6 /* Info.plist */,
			);
			path = "TSBB app 2Tests";
			sourceTree = "<group>";
		};
		D85582151D6541A600DCA4B6 /* TSBB app 2UITests */ = {
			isa = PBXGroup;
			children = (
				D85582161D6541A600DCA4B6 /* TSBB_app_2UITests.swift */,
				D85582181D6541A600DCA4B6 /* Info.plist */,
			);
			path = "TSBB app 2UITests";
			sourceTree = "<group>";
		};
/* End PBXGroup section */

/* Begin PBXNativeTarget section */
		D85581F21D6541A600DCA4B6 /* TSBB app 2 */ = {
			isa = PBXNativeTarget;
			buildConfigurationList = D855821B1D6541A600DCA4B6 /* Build configuration list for PBXNativeTarget "TSBB app 2" */;
			buildPhases = (
				C2FAF4CA5F7F415F5FCF481D /* [CP] Check Pods Manifest.lock */,
				D85581EF1D6541A600DCA4B6 /* Sources */,
				D85581F01D6541A600DCA4B6 /* Frameworks */,
				D85581F11D6541A600DCA4B6 /* Resources */,
				FC70367166BB6D23D23D53BD /* [CP] Embed Pods Frameworks */,
				5464B556E8F2F2016F7CFE09 /* [CP] Copy Pods Resources */,
			);
			buildRules = (
			);
			dependencies = (
			);
			name = "TSBB app 2";
			productName = "TSBB app 2";
			productReference = D85581F31D6541A600DCA4B6 /* TSBB app 2.app */;
			productType = "com.apple.product-type.application";
		};
		D85582061D6541A600DCA4B6 /* TSBB app 2Tests */ = {
			isa = PBXNativeTarget;
			buildConfigurationList = D855821E1D6541A600DCA4B6 /* Build configuration list for PBXNativeTarget "TSBB app 2Tests" */;
			buildPhases = (
				D85582031D6541A600DCA4B6 /* Sources */,
				D85582041D6541A600DCA4B6 /* Frameworks */,
				D85582051D6541A600DCA4B6 /* Resources */,
			);
			buildRules = (
			);
			dependencies = (
				D85582091D6541A600DCA4B6 /* PBXTargetDependency */,
			);
			name = "TSBB app 2Tests";
			productName = "TSBB app 2Tests";
			productReference = D85582071D6541A600DCA4B6 /* TSBB app 2Tests.xctest */;
			productType = "com.apple.product-type.bundle.unit-test";
		};
		D85582111D6541A600DCA4B6 /* TSBB app 2UITests */ = {
			isa = PBXNativeTarget;
			buildConfigurationList = D85582211D6541A600DCA4B6 /* Build configuration list for PBXNativeTarget "TSBB app 2UITests" */;
			buildPhases = (
				D855820E1D6541A600DCA4B6 /* Sources */,
				D855820F1D6541A600DCA4B6 /* Frameworks */,
				D85582101D6541A600DCA4B6 /* Resources */,
			);
			buildRules = (
			);
			dependencies = (
				D85582141D6541A600DCA4B6 /* PBXTargetDependency */,
			);
			name = "TSBB app 2UITests";
			productName = "TSBB app 2UITests";
			productReference = D85582121D6541A600DCA4B6 /* TSBB app 2UITests.xctest */;
			productType = "com.apple.product-type.bundle.ui-testing";
		};
/* End PBXNativeTarget section */

/* Begin PBXProject section */
		D85581EB1D6541A600DCA4B6 /* Project object */ = {
			isa = PBXProject;
			attributes = {
				LastSwiftUpdateCheck = 0730;
				LastUpgradeCheck = 0730;
				ORGANIZATIONNAME = "The Steel Buffalo Butchery";
				TargetAttributes = {
					D85581F21D6541A600DCA4B6 = {
						CreatedOnToolsVersion = 7.3.1;
					};
					D85582061D6541A600DCA4B6 = {
						CreatedOnToolsVersion = 7.3.1;
						TestTargetID = D85581F21D6541A600DCA4B6;
					};
					D85582111D6541A600DCA4B6 = {
						CreatedOnToolsVersion = 7.3.1;
						TestTargetID = D85581F21D6541A600DCA4B6;
					};
				};
			};
			buildConfigurationList = D85581EE1D6541A600DCA4B6 /* Build configuration list for PBXProject "TSBB app 2" */;
			compatibilityVersion = "Xcode 3.2";
			developmentRegion = English;
			hasScannedForEncodings = 0;
			knownRegions = (
				en,
				Base,
			);
			mainGroup = D85581EA1D6541A600DCA4B6;
			productRefGroup = D85581F41D6541A600DCA4B6 /* Products */;
			projectDirPath = "";
			projectRoot = "";
			targets = (
				D85581F21D6541A600DCA4B6 /* TSBB app 2 */,
				D85582061D6541A600DCA4B6 /* TSBB app 2Tests */,
				D85582111D6541A600DCA4B6 /* TSBB app 2UITests */,
			);
		};
/* End PBXProject section */

/* Begin PBXResourcesBuildPhase section */
		D85581F11D6541A600DCA4B6 /* Resources */ = {
			isa = PBXResourcesBuildPhase;
			buildActionMask = 2147483647;
			files = (
				D85582011D6541A600DCA4B6 /* LaunchScreen.storyboard in Resources */,
				D855825F1D66966F00DCA4B6 /* GoogleService-Info.plist in Resources */,
				D85581FE1D6541A600DCA4B6 /* Assets.xcassets in Resources */,
				D85581FC1D6541A600DCA4B6 /* Main.storyboard in Resources */,
			);
			runOnlyForDeploymentPostprocessing = 0;
		};
		D85582051D6541A600DCA4B6 /* Resources */ = {
			isa = PBXResourcesBuildPhase;
			buildActionMask = 2147483647;
			files = (
			);
			runOnlyForDeploymentPostprocessing = 0;
		};
		D85582101D6541A600DCA4B6 /* Resources */ = {
			isa = PBXResourcesBuildPhase;
			buildActionMask = 2147483647;
			files = (
			);
			runOnlyForDeploymentPostprocessing = 0;
		};
/* End PBXResourcesBuildPhase section */

/* Begin PBXShellScriptBuildPhase section */
		5464B556E8F2F2016F7CFE09 /* [CP] Copy Pods Resources */ = {
			isa = PBXShellScriptBuildPhase;
			buildActionMask = 2147483647;
			files = (
			);
			inputPaths = (
			);
			name = "[CP] Copy Pods Resources";
			outputPaths = (
			);
			runOnlyForDeploymentPostprocessing = 0;
			shellPath = /bin/sh;
			shellScript = "\"${SRCROOT}/Pods/Target Support Files/Pods-TSBB app 2/Pods-TSBB app 2-resources.sh\"\n";
			showEnvVarsInLog = 0;
		};
		C2FAF4CA5F7F415F5FCF481D /* [CP] Check Pods Manifest.lock */ = {
			isa = PBXShellScriptBuildPhase;
			buildActionMask = 2147483647;
			files = (
			);
			inputPaths = (
			);
			name = "[CP] Check Pods Manifest.lock";
			outputPaths = (
			);
			runOnlyForDeploymentPostprocessing = 0;
			shellPath = /bin/sh;
			shellScript = "diff \"${PODS_ROOT}/../Podfile.lock\" \"${PODS_ROOT}/Manifest.lock\" > /dev/null\nif [[ $? != 0 ]] ; then\n    cat << EOM\nerror: The sandbox is not in sync with the Podfile.lock. Run 'pod install' or update your CocoaPods installation.\nEOM\n    exit 1\nfi\n";
			showEnvVarsInLog = 0;
		};
		FC70367166BB6D23D23D53BD /* [CP] Embed Pods Frameworks */ = {
			isa = PBXShellScriptBuildPhase;
			buildActionMask = 2147483647;
			files = (
			);
			inputPaths = (
			);
			name = "[CP] Embed Pods Frameworks";
			outputPaths = (
			);
			runOnlyForDeploymentPostprocessing = 0;
			shellPath = /bin/sh;
			shellScript = "\"${SRCROOT}/Pods/Target Support Files/Pods-TSBB app 2/Pods-TSBB app 2-frameworks.sh\"\n";
			showEnvVarsInLog = 0;
		};
/* End PBXShellScriptBuildPhase section */

/* Begin PBXSourcesBuildPhase section */
		D85581EF1D6541A600DCA4B6 /* Sources */ = {
			isa = PBXSourcesBuildPhase;
			buildActionMask = 2147483647;
			files = (
				D85581F91D6541A600DCA4B6 /* ViewController.swift in Sources */,
				D8D873AC1D693F8000CF20B2 /* page2Cell.swift in Sources */,
				D8ABA62C1D7100F1004184FE /* summary.swift in Sources */,
				D8D873B01D6A638C00CF20B2 /* thirdpage.swift in Sources */,
				D8D873B81D6BAC0C00CF20B2 /* seventhpage.swift in Sources */,
				D8D873B41D6A742000CF20B2 /* fifthpage.swift in Sources */,
				D8D873AA1D691FBE00CF20B2 /* secondpage.swift in Sources */,
				D8D873B21D6A741200CF20B2 /* fourthpage.swift in Sources */,
				D85581F71D6541A600DCA4B6 /* AppDelegate.swift in Sources */,
				D8D873B61D6BABEB00CF20B2 /* sixthpage.swift in Sources */,
			);
			runOnlyForDeploymentPostprocessing = 0;
		};
		D85582031D6541A600DCA4B6 /* Sources */ = {
			isa = PBXSourcesBuildPhase;
			buildActionMask = 2147483647;
			files = (
				D855820C1D6541A600DCA4B6 /* TSBB_app_2Tests.swift in Sources */,
			);
			runOnlyForDeploymentPostprocessing = 0;
		};
		D855820E1D6541A600DCA4B6 /* Sources */ = {
			isa = PBXSourcesBuildPhase;
			buildActionMask = 2147483647;
			files = (
				D85582171D6541A600DCA4B6 /* TSBB_app_2UITests.swift in Sources */,
			);
			runOnlyForDeploymentPostprocessing = 0;
		};
/* End PBXSourcesBuildPhase section */

/* Begin PBXTargetDependency section */
		D85582091D6541A600DCA4B6 /* PBXTargetDependency */ = {
			isa = PBXTargetDependency;
			target = D85581F21D6541A600DCA4B6 /* TSBB app 2 */;
			targetProxy = D85582081D6541A600DCA4B6 /* PBXContainerItemProxy */;
		};
		D85582141D6541A600DCA4B6 /* PBXTargetDependency */ = {
			isa = PBXTargetDependency;
			target = D85581F21D6541A600DCA4B6 /* TSBB app 2 */;
			targetProxy = D85582131D6541A600DCA4B6 /* PBXContainerItemProxy */;
		};
/* End PBXTargetDependency section */

/* Begin PBXVariantGroup section */
		D85581FA1D6541A600DCA4B6 /* Main.storyboard */ = {
			isa = PBXVariantGroup;
			children = (
				D85581FB1D6541A600DCA4B6 /* Base */,
			);
			name = Main.storyboard;
			sourceTree = "<group>";
		};
		D85581FF1D6541A600DCA4B6 /* LaunchScreen.storyboard */ = {
			isa = PBXVariantGroup;
			children = (
				D85582001D6541A600DCA4B6 /* Base */,
			);
			name = LaunchScreen.storyboard;
			sourceTree = "<group>";
		};
/* End PBXVariantGroup section */

/* Begin XCBuildConfiguration section */
		D85582191D6541A600DCA4B6 /* Debug */ = {
			isa = XCBuildConfiguration;
			buildSettings = {
				ALWAYS_SEARCH_USER_PATHS = NO;
				CLANG_ANALYZER_NONNULL = YES;
				CLANG_CXX_LANGUAGE_STANDARD = "gnu++0x";
				CLANG_CXX_LIBRARY = "libc++";
				CLANG_ENABLE_MODULES = YES;
				CLANG_ENABLE_OBJC_ARC = YES;
				CLANG_WARN_BOOL_CONVERSION = YES;
				CLANG_WARN_CONSTANT_CONVERSION = YES;
				CLANG_WARN_DIRECT_OBJC_ISA_USAGE = YES_ERROR;
				CLANG_WARN_EMPTY_BODY = YES;
				CLANG_WARN_ENUM_CONVERSION = YES;
				CLANG_WARN_INT_CONVERSION = YES;
				CLANG_WARN_OBJC_ROOT_CLASS = YES_ERROR;
				CLANG_WARN_UNREACHABLE_CODE = YES;
				CLANG_WARN__DUPLICATE_METHOD_MATCH = YES;
				"CODE_SIGN_IDENTITY[sdk=iphoneos*]" = "iPhone Developer";
				COPY_PHASE_STRIP = NO;
				DEBUG_INFORMATION_FORMAT = dwarf;
				ENABLE_STRICT_OBJC_MSGSEND = YES;
				ENABLE_TESTABILITY = YES;
				GCC_C_LANGUAGE_STANDARD = gnu99;
				GCC_DYNAMIC_NO_PIC = NO;
				GCC_NO_COMMON_BLOCKS = YES;
				GCC_OPTIMIZATION_LEVEL = 0;
				GCC_PREPROCESSOR_DEFINITIONS = (
					"DEBUG=1",
					"$(inherited)",
				);
				GCC_WARN_64_TO_32_BIT_CONVERSION = YES;
				GCC_WARN_ABOUT_RETURN_TYPE = YES_ERROR;
				GCC_WARN_UNDECLARED_SELECTOR = YES;
				GCC_WARN_UNINITIALIZED_AUTOS = YES_AGGRESSIVE;
				GCC_WARN_UNUSED_FUNCTION = YES;
				GCC_WARN_UNUSED_VARIABLE = YES;
				IPHONEOS_DEPLOYMENT_TARGET = 9.3;
				MTL_ENABLE_DEBUG_INFO = YES;
				ONLY_ACTIVE_ARCH = YES;
				SDKROOT = iphoneos;
				SWIFT_OPTIMIZATION_LEVEL = "-Onone";
				TARGETED_DEVICE_FAMILY = "1,2";
			};
			name = Debug;
		};
		D855821A1D6541A600DCA4B6 /* Release */ = {
			isa = XCBuildConfiguration;
			buildSettings = {
				ALWAYS_SEARCH_USER_PATHS = NO;
				CLANG_ANALYZER_NONNULL = YES;
				CLANG_CXX_LANGUAGE_STANDARD = "gnu++0x";
				CLANG_CXX_LIBRARY = "libc++";
				CLANG_ENABLE_MODULES = YES;
				CLANG_ENABLE_OBJC_ARC = YES;
				CLANG_WARN_BOOL_CONVERSION = YES;
				CLANG_WARN_CONSTANT_CONVERSION = YES;
				CLANG_WARN_DIRECT_OBJC_ISA_USAGE = YES_ERROR;
				CLANG_WARN_EMPTY_BODY = YES;
				CLANG_WARN_ENUM_CONVERSION = YES;
				CLANG_WARN_INT_CONVERSION = YES;
				CLANG_WARN_OBJC_ROOT_CLASS = YES_ERROR;
				CLANG_WARN_UNREACHABLE_CODE = YES;
				CLANG_WARN__DUPLICATE_METHOD_MATCH = YES;
				"CODE_SIGN_IDENTITY[sdk=iphoneos*]" = "iPhone Developer";
				COPY_PHASE_STRIP = NO;
				DEBUG_INFORMATION_FORMAT = "dwarf-with-dsym";
				ENABLE_NS_ASSERTIONS = NO;
				ENABLE_STRICT_OBJC_MSGSEND = YES;
				GCC_C_LANGUAGE_STANDARD = gnu99;
				GCC_NO_COMMON_BLOCKS = YES;
				GCC_WARN_64_TO_32_BIT_CONVERSION = YES;
				GCC_WARN_ABOUT_RETURN_TYPE = YES_ERROR;
				GCC_WARN_UNDECLARED_SELECTOR = YES;
				GCC_WARN_UNINITIALIZED_AUTOS = YES_AGGRESSIVE;
				GCC_WARN_UNUSED_FUNCTION = YES;
				GCC_WARN_UNUSED_VARIABLE = YES;
				IPHONEOS_DEPLOYMENT_TARGET = 9.3;
				MTL_ENABLE_DEBUG_INFO = NO;
				SDKROOT = iphoneos;
				TARGETED_DEVICE_FAMILY = "1,2";
				VALIDATE_PRODUCT = YES;
			};
			name = Release;
		};
		D855821C1D6541A600DCA4B6 /* Debug */ = {
			isa = XCBuildConfiguration;
			baseConfigurationReference = C8B587A032552C6CDE35891D /* Pods-TSBB app 2.debug.xcconfig */;
			buildSettings = {
				ASSETCATALOG_COMPILER_APPICON_NAME = AppIcon;
				INFOPLIST_FILE = "TSBB app 2/Info.plist";
				LD_RUNPATH_SEARCH_PATHS = "$(inherited) @executable_path/Frameworks";
				PRODUCT_BUNDLE_IDENTIFIER = "com.thesteelbuffalo.TSBB-app-2";
				PRODUCT_NAME = "$(TARGET_NAME)";
			};
			name = Debug;
		};
		D855821D1D6541A600DCA4B6 /* Release */ = {
			isa = XCBuildConfiguration;
			baseConfigurationReference = D120439484E3B63F42481530 /* Pods-TSBB app 2.release.xcconfig */;
			buildSettings = {
				ASSETCATALOG_COMPILER_APPICON_NAME = AppIcon;
				INFOPLIST_FILE = "TSBB app 2/Info.plist";
				LD_RUNPATH_SEARCH_PATHS = "$(inherited) @executable_path/Frameworks";
				PRODUCT_BUNDLE_IDENTIFIER = "com.thesteelbuffalo.TSBB-app-2";
				PRODUCT_NAME = "$(TARGET_NAME)";
			};
			name = Release;
		};
		D855821F1D6541A600DCA4B6 /* Debug */ = {
			isa = XCBuildConfiguration;
			buildSettings = {
				BUNDLE_LOADER = "$(TEST_HOST)";
				INFOPLIST_FILE = "TSBB app 2Tests/Info.plist";
				LD_RUNPATH_SEARCH_PATHS = "$(inherited) @executable_path/Frameworks @loader_path/Frameworks";
				PRODUCT_BUNDLE_IDENTIFIER = "com.thesteelbuffalo.TSBB-app-2Tests";
				PRODUCT_NAME = "$(TARGET_NAME)";
				TEST_HOST = "$(BUILT_PRODUCTS_DIR)/TSBB app 2.app/TSBB app 2";
			};
			name = Debug;
		};
		D85582201D6541A600DCA4B6 /* Release */ = {
			isa = XCBuildConfiguration;
			buildSettings = {
				BUNDLE_LOADER = "$(TEST_HOST)";
				INFOPLIST_FILE = "TSBB app 2Tests/Info.plist";
				LD_RUNPATH_SEARCH_PATHS = "$(inherited) @executable_path/Frameworks @loader_path/Frameworks";
				PRODUCT_BUNDLE_IDENTIFIER = "com.thesteelbuffalo.TSBB-app-2Tests";
				PRODUCT_NAME = "$(TARGET_NAME)";
				TEST_HOST = "$(BUILT_PRODUCTS_DIR)/TSBB app 2.app/TSBB app 2";
			};
			name = Release;
		};
		D85582221D6541A600DCA4B6 /* Debug */ = {
			isa = XCBuildConfiguration;
			buildSettings = {
				INFOPLIST_FILE = "TSBB app 2UITests/Info.plist";
				LD_RUNPATH_SEARCH_PATHS = "$(inherited) @executable_path/Frameworks @loader_path/Frameworks";
				PRODUCT_BUNDLE_IDENTIFIER = "com.thesteelbuffalo.TSBB-app-2UITests";
				PRODUCT_NAME = "$(TARGET_NAME)";
				TEST_TARGET_NAME = "TSBB app 2";
			};
			name = Debug;
		};
		D85582231D6541A600DCA4B6 /* Release */ = {
			isa = XCBuildConfiguration;
			buildSettings = {
				INFOPLIST_FILE = "TSBB app 2UITests/Info.plist";
				LD_RUNPATH_SEARCH_PATHS = "$(inherited) @executable_path/Frameworks @loader_path/Frameworks";
				PRODUCT_BUNDLE_IDENTIFIER = "com.thesteelbuffalo.TSBB-app-2UITests";
				PRODUCT_NAME = "$(TARGET_NAME)";
				TEST_TARGET_NAME = "TSBB app 2";
			};
			name = Release;
		};
/* End XCBuildConfiguration section */

/* Begin XCConfigurationList section */
		D85581EE1D6541A600DCA4B6 /* Build configuration list for PBXProject "TSBB app 2" */ = {
			isa = XCConfigurationList;
			buildConfigurations = (
				D85582191D6541A600DCA4B6 /* Debug */,
				D855821A1D6541A600DCA4B6 /* Release */,
			);
			defaultConfigurationIsVisible = 0;
			defaultConfigurationName = Release;
		};
		D855821B1D6541A600DCA4B6 /* Build configuration list for PBXNativeTarget "TSBB app 2" */ = {
			isa = XCConfigurationList;
			buildConfigurations = (
				D855821C1D6541A600DCA4B6 /* Debug */,
				D855821D1D6541A600DCA4B6 /* Release */,
			);
			defaultConfigurationIsVisible = 0;
			defaultConfigurationName = Release;
		};
		D855821E1D6541A600DCA4B6 /* Build configuration list for PBXNativeTarget "TSBB app 2Tests" */ = {
			isa = XCConfigurationList;
			buildConfigurations = (
				D855821F1D6541A600DCA4B6 /* Debug */,
				D85582201D6541A600DCA4B6 /* Release */,
			);
			defaultConfigurationIsVisible = 0;
			defaultConfigurationName = Release;
		};
		D85582211D6541A600DCA4B6 /* Build configuration list for PBXNativeTarget "TSBB app 2UITests" */ = {
			isa = XCConfigurationList;
			buildConfigurations = (
				D85582221D6541A600DCA4B6 /* Debug */,
				D85582231D6541A600DCA4B6 /* Release */,
			);
			defaultConfigurationIsVisible = 0;
			defaultConfigurationName = Release;
		};
/* End XCConfigurationList section */
	};
	rootObject = D85581EB1D6541A600DCA4B6 /* Project object */;
}
